
Microsoft Visual Studio Solution File, Format Version 12.00
# Visual Studio Version 17
VisualStudioVersion = 17.5.002.0
MinimumVisualStudioVersion = 10.0.40219.1
Project("{9A19103F-16F7-4668-BE54-9A1E7A4F7556}") = "MinimalApiAuth", "MinimalApiAuth.csproj", "{92A25950-0A76-4F76-80C5-44A9F10F72C8}"
EndProject
Global
	GlobalSection(SolutionConfigurationPlatforms) = preSolution
		Debug|Any CPU = Debug|Any CPU
		Release|Any CPU = Release|Any CPU
	EndGlobalSection
	GlobalSection(ProjectConfigurationPlatforms) = postSolution
		{92A25950-0A76-4F76-80C5-44A9F10F72C8}.Debug|Any CPU.ActiveCfg = Debug|Any CPU
		{92A25950-0A76-4F76-80C5-44A9F10F72C8}.Debug|Any CPU.Build.0 = Debug|Any CPU
		{92A25950-0A76-4F76-80C5-44A9F10F72C8}.Release|Any CPU.ActiveCfg = Release|Any CPU
		{92A25950-0A76-4F76-80C5-44A9F10F72C8}.Release|Any CPU.Build.0 = Release|Any CPU
	EndGlobalSection
	GlobalSection(SolutionProperties) = preSolution
		HideSolutionNode = FALSE
	EndGlobalSection
	GlobalSection(ExtensibilityGlobals) = postSolution
		SolutionGuid = {D9057746-9C40-42D9-B40A-127BA92EC389}
	EndGlobalSection
EndGlobal
